// !$*UTF8*$!
{
	archiveVersion = 1;
	classes = {
	};
	objectVersion = 46;
	objects = {

/* Begin PBXBuildFile section */
		4C60A55A1C1F371E00510FF2 /* AppDelegate.swift in Sources */ = {isa = PBXBuildFile; fileRef = 4C60A5591C1F371E00510FF2 /* AppDelegate.swift */; };
		4C60A55C1C1F371E00510FF2 /* ViewController.swift in Sources */ = {isa = PBXBuildFile; fileRef = 4C60A55B1C1F371E00510FF2 /* ViewController.swift */; };
		4C60A55F1C1F371E00510FF2 /* Main.storyboard in Resources */ = {isa = PBXBuildFile; fileRef = 4C60A55D1C1F371E00510FF2 /* Main.storyboard */; };
		4C60A5611C1F371E00510FF2 /* Assets.xcassets in Resources */ = {isa = PBXBuildFile; fileRef = 4C60A5601C1F371E00510FF2 /* Assets.xcassets */; };
		4C60A5641C1F371E00510FF2 /* LaunchScreen.storyboard in Resources */ = {isa = PBXBuildFile; fileRef = 4C60A5621C1F371E00510FF2 /* LaunchScreen.storyboard */; };
/* End PBXBuildFile section */

/* Begin PBXFileReference section */
		4C60A5561C1F371E00510FF2 /* BahamaAirLoginScreen.app */ = {isa = PBXFileReference; explicitFileType = wrapper.application; includeInIndex = 0; path = BahamaAirLoginScreen.app; sourceTree = BUILT_PRODUCTS_DIR; };
		4C60A5591C1F371E00510FF2 /* AppDelegate.swift */ = {isa = PBXFileReference; lastKnownFileType = sourcecode.swift; path = AppDelegate.swift; sourceTree = "<group>"; };
		4C60A55B1C1F371E00510FF2 /* ViewController.swift */ = {isa = PBXFileReference; lastKnownFileType = sourcecode.swift; path = ViewController.swift; sourceTree = "<group>"; };
		4C60A55E1C1F371E00510FF2 /* Base */ = {isa = PBXFileReference; lastKnownFileType = file.storyboard; name = Base; path = Base.lproj/Main.storyboard; sourceTree = "<group>"; };
		4C60A5601C1F371E00510FF2 /* Assets.xcassets */ = {isa = PBXFileReference; lastKnownFileType = folder.assetcatalog; path = Assets.xcassets; sourceTree = "<group>"; };
		4C60A5631C1F371E00510FF2 /* Base */ = {isa = PBXFileReference; lastKnownFileType = file.storyboard; name = Base; path = Base.lproj/LaunchScreen.storyboard; sourceTree = "<group>"; };
		4C60A5651C1F371E00510FF2 /* Info.plist */ = {isa = PBXFileReference; lastKnownFileType = text.plist.xml; path = Info.plist; sourceTree = "<group>"; };
/* End PBXFileReference section */

/* Begin PBXFrameworksBuildPhase section */
		4C60A5531C1F371E00510FF2 /* Frameworks */ = {
			isa = PBXFrameworksBuildPhase;
			buildActionMask = 2147483647;
			files = (
			);
			runOnlyForDeploymentPostprocessing = 0;
		};
/* End PBXFrameworksBuildPhase section */

/* Begin PBXGroup section */
		4C60A54D1C1F371E00510FF2 = {
			isa = PBXGroup;
			children = (
				4C60A5581C1F371E00510FF2 /* BahamaAirLoginScreen */,
				4C60A5571C1F371E00510FF2 /* Products */,
			);
			sourceTree = "<group>";
		};
		4C60A5571C1F371E00510FF2 /* Products */ = {
			isa = PBXGroup;
			children = (
				4C60A5561C1F371E00510FF2 /* BahamaAirLoginScreen.app */,
			);
			name = Products;
			sourceTree = "<group>";
		};
		4C60A5581C1F371E00510FF2 /* BahamaAirLoginScreen */ = {
			isa = PBXGroup;
			children = (
				4C60A5591C1F371E00510FF2 /* AppDelegate.swift */,
				4C60A55B1C1F371E00510FF2 /* ViewController.swift */,
				4C60A55D1C1F371E00510FF2 /* Main.storyboard */,
				4C60A5601C1F371E00510FF2 /* Assets.xcassets */,
				4C60A5621C1F371E00510FF2 /* LaunchScreen.storyboard */,
				4C60A5651C1F371E00510FF2 /* Info.plist */,
			);
			path = BahamaAirLoginScreen;
			sourceTree = "<group>";
		};
/* End PBXGroup section */

/* Begin PBXNativeTarget section */
		4C60A5551C1F371E00510FF2 /* BahamaAirLoginScreen */ = {
			isa = PBXNativeTarget;
			buildConfigurationList = 4C60A5681C1F371E00510FF2 /* Build configuration list for PBXNativeTarget "BahamaAirLoginScreen" */;
			buildPhases = (
				4C60A5521C1F371E00510FF2 /* Sources */,
				4C60A5531C1F371E00510FF2 /* Frameworks */,
				4C60A5541C1F371E00510FF2 /* Resources */,
			);
			buildRules = (
			);
			dependencies = (
			);
			name = BahamaAirLoginScreen;
			productName = BahamaAirLoginScreen;
			productReference = 4C60A5561C1F371E00510FF2 /* BahamaAirLoginScreen.app */;
			productType = "com.apple.product-type.application";
		};
/* End PBXNativeTarget section */

/* Begin PBXProject section */
		4C60A54E1C1F371E00510FF2 /* Project object */ = {
			isa = PBXProject;
			attributes = {
				LastSwiftUpdateCheck = 0720;
				LastUpgradeCheck = 0720;
				ORGANIZATIONNAME = "Travis Gillespie";
				TargetAttributes = {
					4C60A5551C1F371E00510FF2 = {
						CreatedOnToolsVersion = 7.2;
						DevelopmentTeam = 6M95FE4MYR;
					};
				};
			};
			buildConfigurationList = 4C60A5511C1F371E00510FF2 /* Build configuration list for PBXProject "BahamaAirLoginScreen" */;
			compatibilityVersion = "Xcode 3.2";
			developmentRegion = English;
			hasScannedForEncodings = 0;
			knownRegions = (
				en,
				Base,
			);
			mainGroup = 4C60A54D1C1F371E00510FF2;
			productRefGroup = 4C60A5571C1F371E00510FF2 /* Products */;
			projectDirPath = "";
			projectRoot = "";
			targets = (
				4C60A5551C1F371E00510FF2 /* BahamaAirLoginScreen */,
			);
		};
/* End PBXProject section */

/* Begin PBXResourcesBuildPhase section */
		4C60A5541C1F371E00510FF2 /* Resources */ = {
			isa = PBXResourcesBuildPhase;
			buildActionMask = 2147483647;
			files = (
				4C60A5641C1F371E00510FF2 /* LaunchScreen.storyboard in Resources */,
				4C60A5611C1F371E00510FF2 /* Assets.xcassets in Resources */,
				4C60A55F1C1F371E00510FF2 /* Main.storyboard in Resources */,
			);
			runOnlyForDeploymentPostprocessing = 0;
		};
/* End PBXResourcesBuildPhase section */

/* Begin PBXSourcesBuildPhase section */
		4C60A5521C1F371E00510FF2 /* Sources */ = {
			isa = PBXSourcesBuildPhase;
			buildActionMask = 2147483647;
			files = (
				4C60A55C1C1F371E00510FF2 /* ViewController.swift in Sources */,
				4C60A55A1C1F371E00510FF2 /* AppDelegate.swift in Sources */,
			);
			runOnlyForDeploymentPostprocessing = 0;
		};
/* End PBXSourcesBuildPhase section */

/* Begin PBXVariantGroup section */
		4C60A55D1C1F371E00510FF2 /* Main.storyboard */ = {
			isa = PBXVariantGroup;
			children = (
				4C60A55E1C1F371E00510FF2 /* Base */,
			);
			name = Main.storyboard;
			sourceTree = "<group>";
		};
		4C60A5621C1F371E00510FF2 /* LaunchScreen.storyboard */ = {
			isa = PBXVariantGroup;
			children = (
				4C60A5631C1F371E00510FF2 /* Base */,
			);
			name = LaunchScreen.storyboard;
			sourceTree = "<group>";
		};
/* End PBXVariantGroup section */

/* Begin XCBuildConfiguration section */
		4C60A5661C1F371E00510FF2 /* Debug */ = {
			isa = XCBuildConfiguration;
			buildSettings = {
				ALWAYS_SEARCH_USER_PATHS = NO;
				CLANG_CXX_LANGUAGE_STANDARD = "gnu++0x";
				CLANG_CXX_LIBRARY = "libc++";
				CLANG_ENABLE_MODULES = YES;
				CLANG_ENABLE_OBJC_ARC = YES;
				CLANG_WARN_BOOL_CONVERSION = YES;
				CLANG_WARN_CONSTANT_CONVERSION = YES;
				CLANG_WARN_DIRECT_OBJC_ISA_USAGE = YES_ERROR;
				CLANG_WARN_EMPTY_BODY = YES;
				CLANG_WARN_ENUM_CONVERSION = YES;
				CLANG_WARN_INT_CONVERSION = YES;
				CLANG_WARN_OBJC_ROOT_CLASS = YES_ERROR;
				CLANG_WARN_UNREACHABLE_CODE = YES;
				CLANG_WARN__DUPLICATE_METHOD_MATCH = YES;
				"CODE_SIGN_IDENTITY[sdk=iphoneos*]" = "iPhone Developer";
				COPY_PHASE_STRIP = NO;
				DEBUG_INFORMATION_FORMAT = dwarf;
				ENABLE_STRICT_OBJC_MSGSEND = YES;
				ENABLE_TESTABILITY = YES;
				GCC_C_LANGUAGE_STANDARD = gnu99;
				GCC_DYNAMIC_NO_PIC = NO;
				GCC_NO_COMMON_BLOCKS = YES;
				GCC_OPTIMIZATION_LEVEL = 0;
				GCC_PREPROCESSOR_DEFINITIONS = (
					"DEBUG=1",
					"$(inherited)",
				);
				GCC_WARN_64_TO_32_BIT_CONVERSION = YES;
				GCC_WARN_ABOUT_RETURN_TYPE = YES_ERROR;
				GCC_WARN_UNDECLARED_SELECTOR = YES;
				GCC_WARN_UNINITIALIZED_AUTOS = YES_AGGRESSIVE;
				GCC_WARN_UNUSED_FUNCTION = YES;
				GCC_WARN_UNUSED_VARIABLE = YES;
				IPHONEOS_DEPLOYMENT_TARGET = 9.2;
				MTL_ENABLE_DEBUG_INFO = YES;
				ONLY_ACTIVE_ARCH = YES;
				SDKROOT = iphoneos;
				SWIFT_OPTIMIZATION_LEVEL = "-Onone";
				TARGETED_DEVICE_FAMILY = "1,2";
			};
			name = Debug;
		};
		4C60A5671C1F371E00510FF2 /* Release */ = {
			isa = XCBuildConfiguration;
			buildSettings = {
				ALWAYS_SEARCH_USER_PATHS = NO;
				CLANG_CXX_LANGUAGE_STANDARD = "gnu++0x";
				CLANG_CXX_LIBRARY = "libc++";
				CLANG_ENABLE_MODULES = YES;
				CLANG_ENABLE_OBJC_ARC = YES;
				CLANG_WARN_BOOL_CONVERSION = YES;
				CLANG_WARN_CONSTANT_CONVERSION = YES;
				CLANG_WARN_DIRECT_OBJC_ISA_USAGE = YES_ERROR;
				CLANG_WARN_EMPTY_BODY = YES;
				CLANG_WARN_ENUM_CONVERSION = YES;
				CLANG_WARN_INT_CONVERSION = YES;
				CLANG_WARN_OBJC_ROOT_CLASS = YES_ERROR;
				CLANG_WARN_UNREACHABLE_CODE = YES;
				CLANG_WARN__DUPLICATE_METHOD_MATCH = YES;
				"CODE_SIGN_IDENTITY[sdk=iphoneos*]" = "iPhone Developer";
				COPY_PHASE_STRIP = NO;
				DEBUG_INFORMATION_FORMAT = "dwarf-with-dsym";
				ENABLE_NS_ASSERTIONS = NO;
				ENABLE_STRICT_OBJC_MSGSEND = YES;
				GCC_C_LANGUAGE_STANDARD = gnu99;
				GCC_NO_COMMON_BLOCKS = YES;
				GCC_WARN_64_TO_32_BIT_CONVERSION = YES;
				GCC_WARN_ABOUT_RETURN_TYPE = YES_ERROR;
				GCC_WARN_UNDECLARED_SELECTOR = YES;
				GCC_WARN_UNINITIALIZED_AUTOS = YES_AGGRESSIVE;
				GCC_WARN_UNUSED_FUNCTION = YES;
				GCC_WARN_UNUSED_VARIABLE = YES;
				IPHONEOS_DEPLOYMENT_TARGET = 9.2;
				MTL_ENABLE_DEBUG_INFO = NO;
				SDKROOT = iphoneos;
				TARGETED_DEVICE_FAMILY = "1,2";
				VALIDATE_PRODUCT = YES;
			};
			name = Release;
		};
		4C60A5691C1F371E00510FF2 /* Debug */ = {
			isa = XCBuildConfiguration;
			buildSettings = {
				ASSETCATALOG_COMPILER_APPICON_NAME = AppIcon;
				INFOPLIST_FILE = BahamaAirLoginScreen/Info.plist;
				LD_RUNPATH_SEARCH_PATHS = "$(inherited) @executable_path/Frameworks";
				PRODUCT_BUNDLE_IDENTIFIER = com.travisgillespie.BahamaAirLoginScreen;
				PRODUCT_NAME = "$(TARGET_NAME)";
				TARGETED_DEVICE_FAMILY = 1;
			};
			name = Debug;
		};
		4C60A56A1C1F371E00510FF2 /* Release */ = {
			isa = XCBuildConfiguration;
			buildSettings = {
				ASSETCATALOG_COMPILER_APPICON_NAME = AppIcon;
				INFOPLIST_FILE = BahamaAirLoginScreen/Info.plist;
				LD_RUNPATH_SEARCH_PATHS = "$(inherited) @executable_path/Frameworks";
				PRODUCT_BUNDLE_IDENTIFIER = com.travisgillespie.BahamaAirLoginScreen;
				PRODUCT_NAME = "$(TARGET_NAME)";
				TARGETED_DEVICE_FAMILY = 1;
			};
			name = Release;
		};
/* End XCBuildConfiguration section */

/* Begin XCConfigurationList section */
		4C60A5511C1F371E00510FF2 /* Build configuration list for PBXProject "BahamaAirLoginScreen" */ = {
			isa = XCConfigurationList;
			buildConfigurations = (
				4C60A5661C1F371E00510FF2 /* Debug */,
				4C60A5671C1F371E00510FF2 /* Release */,
			);
			defaultConfigurationIsVisible = 0;
			defaultConfigurationName = Release;
		};
		4C60A5681C1F371E00510FF2 /* Build configuration list for PBXNativeTarget "BahamaAirLoginScreen" */ = {
			isa = XCConfigurationList;
			buildConfigurations = (
				4C60A5691C1F371E00510FF2 /* Debug */,
				4C60A56A1C1F371E00510FF2 /* Release */,
			);
			defaultConfigurationIsVisible = 0;
		};
/* End XCConfigurationList section */
	};
	rootObject = 4C60A54E1C1F371E00510FF2 /* Project object */;
}
